
Microsoft Visual Studio Solution File, Format Version 12.00
Project("{FAE04EC0-301F-11D3-BF4B-00C04F79EFBC}") = "Api", "Api\Api.csproj", "{1EC2AE78-7A42-4D5F-8154-8FB1E4E0062C}"
EndProject
Project("{FAE04EC0-301F-11D3-BF4B-00C04F79EFBC}") = "Logic", "Logic\Logic.csproj", "{0B2E92C9-E114-4F29-997F-87B3EF31BFF9}"
EndProject
Project("{FAE04EC0-301F-11D3-BF4B-00C04F79EFBC}") = "Persistence", "Persistence\Persistence.csproj", "{DD109C78-4587-4532-A7B1-F61C520D7026}"
EndProject
Project("{FAE04EC0-301F-11D3-BF4B-00C04F79EFBC}") = "Core", "..\Libs\Core\Core.csproj", "{66611C63-578D-4D56-B116-72972348A97B}"
EndProject
Project("{2150E333-8FDC-42A3-9474-1A3956D46DE8}") = "Libs", "Libs", "{A7953584-5AC0-435F-808C-6E4B2F29D519}"
EndProject
Project("{FAE04EC0-301F-11D3-BF4B-00C04F79EFBC}") = "ProfileConnection", "..\Libs\ProfileConnection\ProfileConnection.csproj", "{99B6175D-BD8A-4639-B9F8-0A8EE0FD5931}"
EndProject
Global
	GlobalSection(SolutionConfigurationPlatforms) = preSolution
		Debug|Any CPU = Debug|Any CPU
		Release|Any CPU = Release|Any CPU
	EndGlobalSection
	GlobalSection(ProjectConfigurationPlatforms) = postSolution
		{1EC2AE78-7A42-4D5F-8154-8FB1E4E0062C}.Debug|Any CPU.ActiveCfg = Debug|Any CPU
		{1EC2AE78-7A42-4D5F-8154-8FB1E4E0062C}.Debug|Any CPU.Build.0 = Debug|Any CPU
		{1EC2AE78-7A42-4D5F-8154-8FB1E4E0062C}.Release|Any CPU.ActiveCfg = Release|Any CPU
		{1EC2AE78-7A42-4D5F-8154-8FB1E4E0062C}.Release|Any CPU.Build.0 = Release|Any CPU
		{0B2E92C9-E114-4F29-997F-87B3EF31BFF9}.Debug|Any CPU.ActiveCfg = Debug|Any CPU
		{0B2E92C9-E114-4F29-997F-87B3EF31BFF9}.Debug|Any CPU.Build.0 = Debug|Any CPU
		{0B2E92C9-E114-4F29-997F-87B3EF31BFF9}.Release|Any CPU.ActiveCfg = Release|Any CPU
		{0B2E92C9-E114-4F29-997F-87B3EF31BFF9}.Release|Any CPU.Build.0 = Release|Any CPU
		{DD109C78-4587-4532-A7B1-F61C520D7026}.Debug|Any CPU.ActiveCfg = Debug|Any CPU
		{DD109C78-4587-4532-A7B1-F61C520D7026}.Debug|Any CPU.Build.0 = Debug|Any CPU
		{DD109C78-4587-4532-A7B1-F61C520D7026}.Release|Any CPU.ActiveCfg = Release|Any CPU
		{DD109C78-4587-4532-A7B1-F61C520D7026}.Release|Any CPU.Build.0 = Release|Any CPU
		{66611C63-578D-4D56-B116-72972348A97B}.Debug|Any CPU.ActiveCfg = Debug|Any CPU
		{66611C63-578D-4D56-B116-72972348A97B}.Debug|Any CPU.Build.0 = Debug|Any CPU
		{66611C63-578D-4D56-B116-72972348A97B}.Release|Any CPU.ActiveCfg = Release|Any CPU
		{66611C63-578D-4D56-B116-72972348A97B}.Release|Any CPU.Build.0 = Release|Any CPU
		{99B6175D-BD8A-4639-B9F8-0A8EE0FD5931}.Debug|Any CPU.ActiveCfg = Debug|Any CPU
		{99B6175D-BD8A-4639-B9F8-0A8EE0FD5931}.Debug|Any CPU.Build.0 = Debug|Any CPU
		{99B6175D-BD8A-4639-B9F8-0A8EE0FD5931}.Release|Any CPU.ActiveCfg = Release|Any CPU
		{99B6175D-BD8A-4639-B9F8-0A8EE0FD5931}.Release|Any CPU.Build.0 = Release|Any CPU
	EndGlobalSection
	GlobalSection(NestedProjects) = preSolution
		{66611C63-578D-4D56-B116-72972348A97B} = {A7953584-5AC0-435F-808C-6E4B2F29D519}
		{99B6175D-BD8A-4639-B9F8-0A8EE0FD5931} = {A7953584-5AC0-435F-808C-6E4B2F29D519}
	EndGlobalSection
EndGlobal
